
Microsoft Visual Studio Solution File, Format Version 12.00
# Visual Studio Version 17
VisualStudioVersion = 17.1.32210.238
MinimumVisualStudioVersion = 10.0.40219.1
Project("{FAE04EC0-301F-11D3-BF4B-00C04F79EFBC}") = "problem01", "Homework04\problem01.csproj", "{1B2D4D91-0491-43D4-A3E1-F009563ABCE3}"
EndProject
Project("{FAE04EC0-301F-11D3-BF4B-00C04F79EFBC}") = "problem02", "problem02\problem02.csproj", "{0FAAB953-12C3-40CA-8140-9C329EE0E647}"
EndProject
Global
	GlobalSection(SolutionConfigurationPlatforms) = preSolution
		Debug|Any CPU = Debug|Any CPU
		Release|Any CPU = Release|Any CPU
	EndGlobalSection
	GlobalSection(ProjectConfigurationPlatforms) = postSolution
		{1B2D4D91-0491-43D4-A3E1-F009563ABCE3}.Debug|Any CPU.ActiveCfg = Debug|Any CPU
		{1B2D4D91-0491-43D4-A3E1-F009563ABCE3}.Debug|Any CPU.Build.0 = Debug|Any CPU
		{1B2D4D91-0491-43D4-A3E1-F009563ABCE3}.Release|Any CPU.ActiveCfg = Release|Any CPU
		{1B2D4D91-0491-43D4-A3E1-F009563ABCE3}.Release|Any CPU.Build.0 = Release|Any CPU
		{0FAAB953-12C3-40CA-8140-9C329EE0E647}.Debug|Any CPU.ActiveCfg = Debug|Any CPU
		{0FAAB953-12C3-40CA-8140-9C329EE0E647}.Debug|Any CPU.Build.0 = Debug|Any CPU
		{0FAAB953-12C3-40CA-8140-9C329EE0E647}.Release|Any CPU.ActiveCfg = Release|Any CPU
		{0FAAB953-12C3-40CA-8140-9C329EE0E647}.Release|Any CPU.Build.0 = Release|Any CPU
	EndGlobalSection
	GlobalSection(SolutionProperties) = preSolution
		HideSolutionNode = FALSE
	EndGlobalSection
	GlobalSection(ExtensibilityGlobals) = postSolution
		SolutionGuid = {ABA2CBA3-B4C4-4BBE-BAEE-AF89A593C8E5}
	EndGlobalSection
EndGlobal
