
Microsoft Visual Studio Solution File, Format Version 12.00
# Visual Studio Version 17
VisualStudioVersion = 17.1.32210.238
MinimumVisualStudioVersion = 10.0.40219.1
Project("{FAE04EC0-301F-11D3-BF4B-00C04F79EFBC}") = "Homework10", "Homework10\Homework10.csproj", "{3E58A4AB-BB7A-49BB-B068-2E4D8C034745}"
EndProject
Global
	GlobalSection(SolutionConfigurationPlatforms) = preSolution
		Debug|Any CPU = Debug|Any CPU
		Release|Any CPU = Release|Any CPU
	EndGlobalSection
	GlobalSection(ProjectConfigurationPlatforms) = postSolution
		{3E58A4AB-BB7A-49BB-B068-2E4D8C034745}.Debug|Any CPU.ActiveCfg = Debug|Any CPU
		{3E58A4AB-BB7A-49BB-B068-2E4D8C034745}.Debug|Any CPU.Build.0 = Debug|Any CPU
		{3E58A4AB-BB7A-49BB-B068-2E4D8C034745}.Release|Any CPU.ActiveCfg = Release|Any CPU
		{3E58A4AB-BB7A-49BB-B068-2E4D8C034745}.Release|Any CPU.Build.0 = Release|Any CPU
	EndGlobalSection
	GlobalSection(SolutionProperties) = preSolution
		HideSolutionNode = FALSE
	EndGlobalSection
	GlobalSection(ExtensibilityGlobals) = postSolution
		SolutionGuid = {C329E9A9-87A6-4278-9FEC-8675C887759D}
	EndGlobalSection
EndGlobal
